
Microsoft Visual Studio Solution File, Format Version 12.00
# Visual Studio Version 17
VisualStudioVersion = 17.2.32630.192
MinimumVisualStudioVersion = 10.0.40219.1
Project("{FAE04EC0-301F-11D3-BF4B-00C04F79EFBC}") = "BudgetTracker", "BudgetTracker\BudgetTracker.csproj", "{C354A739-928C-495B-9B08-BEF61F348F94}"
EndProject
Global
	GlobalSection(SolutionConfigurationPlatforms) = preSolution
		Debug|Any CPU = Debug|Any CPU
		Release|Any CPU = Release|Any CPU
	EndGlobalSection
	GlobalSection(ProjectConfigurationPlatforms) = postSolution
		{C354A739-928C-495B-9B08-BEF61F348F94}.Debug|Any CPU.ActiveCfg = Debug|Any CPU
		{C354A739-928C-495B-9B08-BEF61F348F94}.Debug|Any CPU.Build.0 = Debug|Any CPU
		{C354A739-928C-495B-9B08-BEF61F348F94}.Release|Any CPU.ActiveCfg = Release|Any CPU
		{C354A739-928C-495B-9B08-BEF61F348F94}.Release|Any CPU.Build.0 = Release|Any CPU
	EndGlobalSection
	GlobalSection(SolutionProperties) = preSolution
		HideSolutionNode = FALSE
	EndGlobalSection
	GlobalSection(ExtensibilityGlobals) = postSolution
		SolutionGuid = {0EDA6A05-D75E-4C2C-8F9D-CDCB7E9D673E}
	EndGlobalSection
EndGlobal
